
Microsoft Visual Studio Solution File, Format Version 12.00
# Visual Studio Version 16
VisualStudioVersion = 16.0.31729.503
MinimumVisualStudioVersion = 10.0.40219.1
Project("{9A19103F-16F7-4668-BE54-9A1E7A4F7556}") = "Presentacion", "TrabajoPracticoProg\Presentacion.csproj", "{C7120D9E-0796-4522-9495-651B7BB65863}"
EndProject
Project("{9A19103F-16F7-4668-BE54-9A1E7A4F7556}") = "DominoLogin", "DominoLogin\DominoLogin.csproj", "{EE803AC8-E813-4890-B1B9-C88673E9015A}"
EndProject
Project("{9A19103F-16F7-4668-BE54-9A1E7A4F7556}") = "AccesoDatosLogin", "AccesoDatosLogin\AccesoDatosLogin.csproj", "{9D6D98AF-71C1-404F-BFDE-5BDABE61D89B}"
EndProject
Project("{9A19103F-16F7-4668-BE54-9A1E7A4F7556}") = "CommonLogin", "CommonLogin\CommonLogin.csproj", "{9F500AC9-8655-4713-BB51-049C57214343}"
EndProject
Project("{9A19103F-16F7-4668-BE54-9A1E7A4F7556}") = "FacturasBack", "FacturasBack\FacturasBack.csproj", "{42D3EC1B-7F32-4D54-9482-9259087314FF}"
EndProject
Project("{9A19103F-16F7-4668-BE54-9A1E7A4F7556}") = "FacturasWebAPI", "FacturasWebAPI\FacturasWebAPI.csproj", "{9E4CD686-073B-44FB-A97E-1F63DD92E0CC}"
EndProject
Project("{9A19103F-16F7-4668-BE54-9A1E7A4F7556}") = "FacturasFront", "FacturasFront\FacturasFront.csproj", "{C915000E-C7E2-44D9-BA8D-DC1FFFDB511D}"
	ProjectSection(ProjectDependencies) = postProject
		{42D3EC1B-7F32-4D54-9482-9259087314FF} = {42D3EC1B-7F32-4D54-9482-9259087314FF}
	EndProjectSection
EndProject
Global
	GlobalSection(SolutionConfigurationPlatforms) = preSolution
		Debug|Any CPU = Debug|Any CPU
		Release|Any CPU = Release|Any CPU
	EndGlobalSection
	GlobalSection(ProjectConfigurationPlatforms) = postSolution
		{C7120D9E-0796-4522-9495-651B7BB65863}.Debug|Any CPU.ActiveCfg = Debug|Any CPU
		{C7120D9E-0796-4522-9495-651B7BB65863}.Debug|Any CPU.Build.0 = Debug|Any CPU
		{C7120D9E-0796-4522-9495-651B7BB65863}.Release|Any CPU.ActiveCfg = Release|Any CPU
		{C7120D9E-0796-4522-9495-651B7BB65863}.Release|Any CPU.Build.0 = Release|Any CPU
		{EE803AC8-E813-4890-B1B9-C88673E9015A}.Debug|Any CPU.ActiveCfg = Debug|Any CPU
		{EE803AC8-E813-4890-B1B9-C88673E9015A}.Debug|Any CPU.Build.0 = Debug|Any CPU
		{EE803AC8-E813-4890-B1B9-C88673E9015A}.Release|Any CPU.ActiveCfg = Release|Any CPU
		{EE803AC8-E813-4890-B1B9-C88673E9015A}.Release|Any CPU.Build.0 = Release|Any CPU
		{9D6D98AF-71C1-404F-BFDE-5BDABE61D89B}.Debug|Any CPU.ActiveCfg = Debug|Any CPU
		{9D6D98AF-71C1-404F-BFDE-5BDABE61D89B}.Debug|Any CPU.Build.0 = Debug|Any CPU
		{9D6D98AF-71C1-404F-BFDE-5BDABE61D89B}.Release|Any CPU.ActiveCfg = Release|Any CPU
		{9D6D98AF-71C1-404F-BFDE-5BDABE61D89B}.Release|Any CPU.Build.0 = Release|Any CPU
		{9F500AC9-8655-4713-BB51-049C57214343}.Debug|Any CPU.ActiveCfg = Debug|Any CPU
		{9F500AC9-8655-4713-BB51-049C57214343}.Debug|Any CPU.Build.0 = Debug|Any CPU
		{9F500AC9-8655-4713-BB51-049C57214343}.Release|Any CPU.ActiveCfg = Release|Any CPU
		{9F500AC9-8655-4713-BB51-049C57214343}.Release|Any CPU.Build.0 = Release|Any CPU
		{42D3EC1B-7F32-4D54-9482-9259087314FF}.Debug|Any CPU.ActiveCfg = Debug|Any CPU
		{42D3EC1B-7F32-4D54-9482-9259087314FF}.Debug|Any CPU.Build.0 = Debug|Any CPU
		{42D3EC1B-7F32-4D54-9482-9259087314FF}.Release|Any CPU.ActiveCfg = Release|Any CPU
		{42D3EC1B-7F32-4D54-9482-9259087314FF}.Release|Any CPU.Build.0 = Release|Any CPU
		{9E4CD686-073B-44FB-A97E-1F63DD92E0CC}.Debug|Any CPU.ActiveCfg = Debug|Any CPU
		{9E4CD686-073B-44FB-A97E-1F63DD92E0CC}.Debug|Any CPU.Build.0 = Debug|Any CPU
		{9E4CD686-073B-44FB-A97E-1F63DD92E0CC}.Release|Any CPU.ActiveCfg = Release|Any CPU
		{9E4CD686-073B-44FB-A97E-1F63DD92E0CC}.Release|Any CPU.Build.0 = Release|Any CPU
		{C915000E-C7E2-44D9-BA8D-DC1FFFDB511D}.Debug|Any CPU.ActiveCfg = Debug|Any CPU
		{C915000E-C7E2-44D9-BA8D-DC1FFFDB511D}.Debug|Any CPU.Build.0 = Debug|Any CPU
		{C915000E-C7E2-44D9-BA8D-DC1FFFDB511D}.Release|Any CPU.ActiveCfg = Release|Any CPU
		{C915000E-C7E2-44D9-BA8D-DC1FFFDB511D}.Release|Any CPU.Build.0 = Release|Any CPU
	EndGlobalSection
	GlobalSection(SolutionProperties) = preSolution
		HideSolutionNode = FALSE
	EndGlobalSection
	GlobalSection(ExtensibilityGlobals) = postSolution
		SolutionGuid = {C84FD56B-4E7E-467E-A3A7-F8F8CB8CD884}
	EndGlobalSection
EndGlobal
